
Microsoft Visual Studio Solution File, Format Version 12.00
# Visual Studio 15
Project("{FAE04EC0-301F-11D3-BF4B-00C04F79EFBC}") = "XamIQKeyboardManager.Sample.iOS", "XamIQKeyboardManager.Sample.iOS\XamIQKeyboardManager.Sample.iOS.csproj", "{F4AAD41D-56C3-40B3-9383-273E2D82426B}"
EndProject
Project("{FAE04EC0-301F-11D3-BF4B-00C04F79EFBC}") = "XamIQKeyboardManager.Sample", "XamIQKeyboardManager.Sample\XamIQKeyboardManager.Sample.csproj", "{F7419E93-4680-431B-96B4-AD9032437E47}"
EndProject
Project("{FAE04EC0-301F-11D3-BF4B-00C04F79EFBC}") = "XamIQKeyboardManager", "XamIQKeyboardManager\XamIQKeyboardManager.csproj", "{ED1C8119-C255-419B-81CA-7AB836F6EFDB}"
EndProject
Global
	GlobalSection(SolutionConfigurationPlatforms) = preSolution
		Debug|iPhoneSimulator = Debug|iPhoneSimulator
		Release|iPhoneSimulator = Release|iPhoneSimulator
		Debug|iPhone = Debug|iPhone
		Release|iPhone = Release|iPhone
		Debug|Any CPU = Debug|Any CPU
		Release|Any CPU = Release|Any CPU
	EndGlobalSection
	GlobalSection(ProjectConfigurationPlatforms) = postSolution
		{F4AAD41D-56C3-40B3-9383-273E2D82426B}.Debug|iPhoneSimulator.ActiveCfg = Debug|iPhoneSimulator
		{F4AAD41D-56C3-40B3-9383-273E2D82426B}.Debug|iPhoneSimulator.Build.0 = Debug|iPhoneSimulator
		{F4AAD41D-56C3-40B3-9383-273E2D82426B}.Release|iPhoneSimulator.ActiveCfg = Release|iPhoneSimulator
		{F4AAD41D-56C3-40B3-9383-273E2D82426B}.Release|iPhoneSimulator.Build.0 = Release|iPhoneSimulator
		{F4AAD41D-56C3-40B3-9383-273E2D82426B}.Debug|iPhone.ActiveCfg = Debug|iPhone
		{F4AAD41D-56C3-40B3-9383-273E2D82426B}.Debug|iPhone.Build.0 = Debug|iPhone
		{F4AAD41D-56C3-40B3-9383-273E2D82426B}.Release|iPhone.ActiveCfg = Release|iPhone
		{F4AAD41D-56C3-40B3-9383-273E2D82426B}.Release|iPhone.Build.0 = Release|iPhone
		{F4AAD41D-56C3-40B3-9383-273E2D82426B}.Debug|Any CPU.ActiveCfg = Debug|iPhoneSimulator
		{F4AAD41D-56C3-40B3-9383-273E2D82426B}.Debug|Any CPU.Build.0 = Debug|iPhoneSimulator
		{F4AAD41D-56C3-40B3-9383-273E2D82426B}.Release|Any CPU.ActiveCfg = Release|iPhoneSimulator
		{F4AAD41D-56C3-40B3-9383-273E2D82426B}.Release|Any CPU.Build.0 = Release|iPhoneSimulator
		{F7419E93-4680-431B-96B4-AD9032437E47}.Debug|iPhoneSimulator.ActiveCfg = Debug|Any CPU
		{F7419E93-4680-431B-96B4-AD9032437E47}.Debug|iPhoneSimulator.Build.0 = Debug|Any CPU
		{F7419E93-4680-431B-96B4-AD9032437E47}.Release|iPhoneSimulator.ActiveCfg = Release|Any CPU
		{F7419E93-4680-431B-96B4-AD9032437E47}.Release|iPhoneSimulator.Build.0 = Release|Any CPU
		{F7419E93-4680-431B-96B4-AD9032437E47}.Debug|iPhone.ActiveCfg = Debug|Any CPU
		{F7419E93-4680-431B-96B4-AD9032437E47}.Debug|iPhone.Build.0 = Debug|Any CPU
		{F7419E93-4680-431B-96B4-AD9032437E47}.Release|iPhone.ActiveCfg = Release|Any CPU
		{F7419E93-4680-431B-96B4-AD9032437E47}.Release|iPhone.Build.0 = Release|Any CPU
		{F7419E93-4680-431B-96B4-AD9032437E47}.Debug|Any CPU.ActiveCfg = Debug|Any CPU
		{F7419E93-4680-431B-96B4-AD9032437E47}.Debug|Any CPU.Build.0 = Debug|Any CPU
		{F7419E93-4680-431B-96B4-AD9032437E47}.Release|Any CPU.ActiveCfg = Release|Any CPU
		{F7419E93-4680-431B-96B4-AD9032437E47}.Release|Any CPU.Build.0 = Release|Any CPU
		{ED1C8119-C255-419B-81CA-7AB836F6EFDB}.Debug|iPhoneSimulator.ActiveCfg = Debug|Any CPU
		{ED1C8119-C255-419B-81CA-7AB836F6EFDB}.Debug|iPhoneSimulator.Build.0 = Debug|Any CPU
		{ED1C8119-C255-419B-81CA-7AB836F6EFDB}.Release|iPhoneSimulator.ActiveCfg = Release|Any CPU
		{ED1C8119-C255-419B-81CA-7AB836F6EFDB}.Release|iPhoneSimulator.Build.0 = Release|Any CPU
		{ED1C8119-C255-419B-81CA-7AB836F6EFDB}.Debug|iPhone.ActiveCfg = Debug|Any CPU
		{ED1C8119-C255-419B-81CA-7AB836F6EFDB}.Debug|iPhone.Build.0 = Debug|Any CPU
		{ED1C8119-C255-419B-81CA-7AB836F6EFDB}.Release|iPhone.ActiveCfg = Release|Any CPU
		{ED1C8119-C255-419B-81CA-7AB836F6EFDB}.Release|iPhone.Build.0 = Release|Any CPU
		{ED1C8119-C255-419B-81CA-7AB836F6EFDB}.Debug|Any CPU.ActiveCfg = Debug|Any CPU
		{ED1C8119-C255-419B-81CA-7AB836F6EFDB}.Debug|Any CPU.Build.0 = Debug|Any CPU
		{ED1C8119-C255-419B-81CA-7AB836F6EFDB}.Release|Any CPU.ActiveCfg = Release|Any CPU
		{ED1C8119-C255-419B-81CA-7AB836F6EFDB}.Release|Any CPU.Build.0 = Release|Any CPU
	EndGlobalSection
EndGlobal
